github.com/NicoNex/echotron/v3 v3.25.1 h1:0PZjtZpcGHNp3OVxhkcq6hZWz9zGjyNAWeA5Jo+bUig=
github.com/NicoNex/echotron/v3 v3.25.1/go.mod h1:LpP5IyHw0y+DZUZMBgXEDAF9O8feXrQu7w7nlJzzoZI=
github.com/cohere-ai/cohere-go v1.2.2 h1:RtUV998gx5V/YTtZj8x4Gk18xMOamBCD7n88NYOILZo=
github.com/cohere-ai/cohere-go v1.2.2/go.mod h1:FuJOECLkkpTBSkgwXsMUqOituJ29dRmo4frGoEV5I6Y=
github.com/cohere-ai/tokenizer v1.1.1 h1:wCtmCj07O82TMrIiA/CORhIlEYsvMMM8ey+sUdEapHc=
github.com/cohere-ai/tokenizer v1.1.1/go.mod h1:9MNFPd9j1fuiEK3ua2HSCUxxcrfGMlSqpa93livg/C0=
github.com/davecgh/go-spew v1.1.0 h1:ZDRjVQ15GmhC3fiQ8ni8+OwkZQO4DARzQgrnXU1Liz8=
github.com/dlclark/regexp2 v1.4.0 h1:F1rxgk7p4uKjwIQxBs9oAXe5CqrXlCduYEJvrF4u93E=
github.com/dlclark/regexp2 v1.4.0/go.mod h1:2pZnwuY/m+8K6iRw6wQdMtk+rH5tNGR1i55kozfMjCc=
github.com/pkg/errors v0.9.1 h1:FEBLx1zS214owpjy7qsBeixbURkuhQAwrK5UwLGTwt4=
github.com/pkg/errors v0.9.1/go.mod h1:bwawxfHBFNV+L2hUp1rHADufV3IMtnDRdf1r5NINEl0=
github.com/pmezard/go-difflib v1.0.0 h1:4DBwDE0NGyQoBHbLQYPwSUPoCMWR5BEzIk/f1lZbAQM=
github.com/stretchr/testify v1.7.1 h1:5TQK59W5E3v0r2duFAb7P95B6hEeOyEnHRa8MjYSMTY=
gopkg.in/yaml.v3 v3.0.0-20200313102051-9f266ea9e77c h1:dUUwHk2QECo/6vqA44rthZ8ie2QXMNeKRTHCNY2nXvo=
